
Microsoft Visual Studio Solution File, Format Version 12.00
# Visual Studio Version 17
VisualStudioVersion = 17.4.33122.133
MinimumVisualStudioVersion = 10.0.40219.1
Project("{9A19103F-16F7-4668-BE54-9A1E7A4F7556}") = "Calculadora", "CalculadoraConsole\Calculadora.csproj", "{338FD8F8-182B-4457-B147-BC9259CD4E1C}"
	ProjectSection(ProjectDependencies) = postProject
		{EE904633-4258-4AC4-9DAD-1D154551CEC6} = {EE904633-4258-4AC4-9DAD-1D154551CEC6}
	EndProjectSection
EndProject
Project("{9A19103F-16F7-4668-BE54-9A1E7A4F7556}") = "CalculadoraForm", "CalculadoraForms\CalculadoraForm.csproj", "{07ED67B8-CF90-4F96-840B-17D7552C6A86}"
EndProject
Project("{FAE04EC0-301F-11D3-BF4B-00C04F79EFBC}") = "Operacoes", "Operacoes\Operacoes.csproj", "{EE904633-4258-4AC4-9DAD-1D154551CEC6}"
EndProject
Global
	GlobalSection(SolutionConfigurationPlatforms) = preSolution
		Debug|Any CPU = Debug|Any CPU
		Release|Any CPU = Release|Any CPU
	EndGlobalSection
	GlobalSection(ProjectConfigurationPlatforms) = postSolution
		{338FD8F8-182B-4457-B147-BC9259CD4E1C}.Debug|Any CPU.ActiveCfg = Debug|Any CPU
		{338FD8F8-182B-4457-B147-BC9259CD4E1C}.Debug|Any CPU.Build.0 = Debug|Any CPU
		{338FD8F8-182B-4457-B147-BC9259CD4E1C}.Release|Any CPU.ActiveCfg = Release|Any CPU
		{338FD8F8-182B-4457-B147-BC9259CD4E1C}.Release|Any CPU.Build.0 = Release|Any CPU
		{07ED67B8-CF90-4F96-840B-17D7552C6A86}.Debug|Any CPU.ActiveCfg = Debug|Any CPU
		{07ED67B8-CF90-4F96-840B-17D7552C6A86}.Debug|Any CPU.Build.0 = Debug|Any CPU
		{07ED67B8-CF90-4F96-840B-17D7552C6A86}.Release|Any CPU.ActiveCfg = Release|Any CPU
		{07ED67B8-CF90-4F96-840B-17D7552C6A86}.Release|Any CPU.Build.0 = Release|Any CPU
		{EE904633-4258-4AC4-9DAD-1D154551CEC6}.Debug|Any CPU.ActiveCfg = Debug|Any CPU
		{EE904633-4258-4AC4-9DAD-1D154551CEC6}.Debug|Any CPU.Build.0 = Debug|Any CPU
		{EE904633-4258-4AC4-9DAD-1D154551CEC6}.Release|Any CPU.ActiveCfg = Release|Any CPU
		{EE904633-4258-4AC4-9DAD-1D154551CEC6}.Release|Any CPU.Build.0 = Release|Any CPU
	EndGlobalSection
	GlobalSection(SolutionProperties) = preSolution
		HideSolutionNode = FALSE
	EndGlobalSection
	GlobalSection(ExtensibilityGlobals) = postSolution
		SolutionGuid = {BF513650-3DAE-40E1-9466-45936664BDC1}
	EndGlobalSection
EndGlobal
